
Microsoft Visual Studio Solution File, Format Version 12.00
# Visual Studio Version 17
VisualStudioVersion = 17.14.36121.58 d17.14
MinimumVisualStudioVersion = 10.0.40219.1
Project("{FAE04EC0-301F-11D3-BF4B-00C04F79EFBC}") = "Euchre", "Euchre.csproj", "{C11A6419-B151-471E-A89E-1D363C2411F5}"
EndProject
Project("{FAE04EC0-301F-11D3-BF4B-00C04F79EFBC}") = "Euchre.Console", "Euchre.Console\Euchre.Console.csproj", "{DADAB734-A22E-4548-9BF6-4AB78A8F107E}"
EndProject
Project("{FAE04EC0-301F-11D3-BF4B-00C04F79EFBC}") = "Euchre.Logic", "Euchre.Logic\Euchre.Logic.csproj", "{8640D9B0-71EB-40F6-BEFD-18BE41BB684B}"
EndProject
Global
	GlobalSection(SolutionConfigurationPlatforms) = preSolution
		Debug|Any CPU = Debug|Any CPU
		Release|Any CPU = Release|Any CPU
	EndGlobalSection
	GlobalSection(ProjectConfigurationPlatforms) = postSolution
		{C11A6419-B151-471E-A89E-1D363C2411F5}.Debug|Any CPU.ActiveCfg = Debug|Any CPU
		{C11A6419-B151-471E-A89E-1D363C2411F5}.Debug|Any CPU.Build.0 = Debug|Any CPU
		{C11A6419-B151-471E-A89E-1D363C2411F5}.Release|Any CPU.ActiveCfg = Release|Any CPU
		{C11A6419-B151-471E-A89E-1D363C2411F5}.Release|Any CPU.Build.0 = Release|Any CPU
		{DADAB734-A22E-4548-9BF6-4AB78A8F107E}.Debug|Any CPU.ActiveCfg = Debug|Any CPU
		{DADAB734-A22E-4548-9BF6-4AB78A8F107E}.Debug|Any CPU.Build.0 = Debug|Any CPU
		{DADAB734-A22E-4548-9BF6-4AB78A8F107E}.Release|Any CPU.ActiveCfg = Release|Any CPU
		{DADAB734-A22E-4548-9BF6-4AB78A8F107E}.Release|Any CPU.Build.0 = Release|Any CPU
		{8640D9B0-71EB-40F6-BEFD-18BE41BB684B}.Debug|Any CPU.ActiveCfg = Debug|Any CPU
		{8640D9B0-71EB-40F6-BEFD-18BE41BB684B}.Debug|Any CPU.Build.0 = Debug|Any CPU
		{8640D9B0-71EB-40F6-BEFD-18BE41BB684B}.Release|Any CPU.ActiveCfg = Release|Any CPU
		{8640D9B0-71EB-40F6-BEFD-18BE41BB684B}.Release|Any CPU.Build.0 = Release|Any CPU
	EndGlobalSection
	GlobalSection(SolutionProperties) = preSolution
		HideSolutionNode = FALSE
	EndGlobalSection
	GlobalSection(ExtensibilityGlobals) = postSolution
		SolutionGuid = {E35D07D6-B67D-4DFC-ACBA-D58465EE26A9}
	EndGlobalSection
EndGlobal
